// !$*UTF8*$!
{
	archiveVersion = 1;
	classes = {
	};
	objectVersion = 50;
	objects = {

/* Begin PBXBuildFile section */
		707DD92922CC4E8E0040BA46 /* AppDelegate.swift in Sources */ = {isa = PBXBuildFile; fileRef = 707DD92822CC4E8E0040BA46 /* AppDelegate.swift */; };
		707DD92B22CC4E8E0040BA46 /* art.scnassets in Resources */ = {isa = PBXBuildFile; fileRef = 707DD92A22CC4E8E0040BA46 /* art.scnassets */; };
		707DD92D22CC4E8E0040BA46 /* ViewController.swift in Sources */ = {isa = PBXBuildFile; fileRef = 707DD92C22CC4E8E0040BA46 /* ViewController.swift */; };
		707DD93022CC4E8E0040BA46 /* Main.storyboard in Resources */ = {isa = PBXBuildFile; fileRef = 707DD92E22CC4E8E0040BA46 /* Main.storyboard */; };
		707DD93222CC4E900040BA46 /* Assets.xcassets in Resources */ = {isa = PBXBuildFile; fileRef = 707DD93122CC4E900040BA46 /* Assets.xcassets */; };
		707DD93522CC4E900040BA46 /* LaunchScreen.storyboard in Resources */ = {isa = PBXBuildFile; fileRef = 707DD93322CC4E900040BA46 /* LaunchScreen.storyboard */; };
/* End PBXBuildFile section */

/* Begin PBXFileReference section */
		707DD92522CC4E8E0040BA46 /* PlaneWorld.app */ = {isa = PBXFileReference; explicitFileType = wrapper.application; includeInIndex = 0; path = PlaneWorld.app; sourceTree = BUILT_PRODUCTS_DIR; };
		707DD92822CC4E8E0040BA46 /* AppDelegate.swift */ = {isa = PBXFileReference; lastKnownFileType = sourcecode.swift; path = AppDelegate.swift; sourceTree = "<group>"; };
		707DD92A22CC4E8E0040BA46 /* art.scnassets */ = {isa = PBXFileReference; lastKnownFileType = wrapper.scnassets; path = art.scnassets; sourceTree = "<group>"; };
		707DD92C22CC4E8E0040BA46 /* ViewController.swift */ = {isa = PBXFileReference; lastKnownFileType = sourcecode.swift; path = ViewController.swift; sourceTree = "<group>"; };
		707DD92F22CC4E8E0040BA46 /* Base */ = {isa = PBXFileReference; lastKnownFileType = file.storyboard; name = Base; path = Base.lproj/Main.storyboard; sourceTree = "<group>"; };
		707DD93122CC4E900040BA46 /* Assets.xcassets */ = {isa = PBXFileReference; lastKnownFileType = folder.assetcatalog; path = Assets.xcassets; sourceTree = "<group>"; };
		707DD93422CC4E900040BA46 /* Base */ = {isa = PBXFileReference; lastKnownFileType = file.storyboard; name = Base; path = Base.lproj/LaunchScreen.storyboard; sourceTree = "<group>"; };
		707DD93622CC4E900040BA46 /* Info.plist */ = {isa = PBXFileReference; lastKnownFileType = text.plist.xml; path = Info.plist; sourceTree = "<group>"; };
/* End PBXFileReference section */

/* Begin PBXFrameworksBuildPhase section */
		707DD92222CC4E8E0040BA46 /* Frameworks */ = {
			isa = PBXFrameworksBuildPhase;
			buildActionMask = 2147483647;
			files = (
			);
			runOnlyForDeploymentPostprocessing = 0;
		};
/* End PBXFrameworksBuildPhase section */

/* Begin PBXGroup section */
		707DD91C22CC4E8E0040BA46 = {
			isa = PBXGroup;
			children = (
				707DD92722CC4E8E0040BA46 /* PlaneWorld */,
				707DD92622CC4E8E0040BA46 /* Products */,
			);
			sourceTree = "<group>";
		};
		707DD92622CC4E8E0040BA46 /* Products */ = {
			isa = PBXGroup;
			children = (
				707DD92522CC4E8E0040BA46 /* PlaneWorld.app */,
			);
			name = Products;
			sourceTree = "<group>";
		};
		707DD92722CC4E8E0040BA46 /* PlaneWorld */ = {
			isa = PBXGroup;
			children = (
				707DD92822CC4E8E0040BA46 /* AppDelegate.swift */,
				707DD92A22CC4E8E0040BA46 /* art.scnassets */,
				707DD92C22CC4E8E0040BA46 /* ViewController.swift */,
				707DD92E22CC4E8E0040BA46 /* Main.storyboard */,
				707DD93122CC4E900040BA46 /* Assets.xcassets */,
				707DD93322CC4E900040BA46 /* LaunchScreen.storyboard */,
				707DD93622CC4E900040BA46 /* Info.plist */,
			);
			path = PlaneWorld;
			sourceTree = "<group>";
		};
/* End PBXGroup section */

/* Begin PBXNativeTarget section */
		707DD92422CC4E8E0040BA46 /* PlaneWorld */ = {
			isa = PBXNativeTarget;
			buildConfigurationList = 707DD93922CC4E900040BA46 /* Build configuration list for PBXNativeTarget "PlaneWorld" */;
			buildPhases = (
				707DD92122CC4E8E0040BA46 /* Sources */,
				707DD92222CC4E8E0040BA46 /* Frameworks */,
				707DD92322CC4E8E0040BA46 /* Resources */,
			);
			buildRules = (
			);
			dependencies = (
			);
			name = PlaneWorld;
			productName = PlaneWorld;
			productReference = 707DD92522CC4E8E0040BA46 /* PlaneWorld.app */;
			productType = "com.apple.product-type.application";
		};
/* End PBXNativeTarget section */

/* Begin PBXProject section */
		707DD91D22CC4E8E0040BA46 /* Project object */ = {
			isa = PBXProject;
			attributes = {
				LastSwiftUpdateCheck = 1020;
				LastUpgradeCheck = 1020;
				ORGANIZATIONNAME = "abdul khan";
				TargetAttributes = {
					707DD92422CC4E8E0040BA46 = {
						CreatedOnToolsVersion = 10.2.1;
					};
				};
			};
			buildConfigurationList = 707DD92022CC4E8E0040BA46 /* Build configuration list for PBXProject "PlaneWorld" */;
			compatibilityVersion = "Xcode 9.3";
			developmentRegion = en;
			hasScannedForEncodings = 0;
			knownRegions = (
				en,
				Base,
			);
			mainGroup = 707DD91C22CC4E8E0040BA46;
			productRefGroup = 707DD92622CC4E8E0040BA46 /* Products */;
			projectDirPath = "";
			projectRoot = "";
			targets = (
				707DD92422CC4E8E0040BA46 /* PlaneWorld */,
			);
		};
/* End PBXProject section */

/* Begin PBXResourcesBuildPhase section */
		707DD92322CC4E8E0040BA46 /* Resources */ = {
			isa = PBXResourcesBuildPhase;
			buildActionMask = 2147483647;
			files = (
				707DD92B22CC4E8E0040BA46 /* art.scnassets in Resources */,
				707DD93522CC4E900040BA46 /* LaunchScreen.storyboard in Resources */,
				707DD93222CC4E900040BA46 /* Assets.xcassets in Resources */,
				707DD93022CC4E8E0040BA46 /* Main.storyboard in Resources */,
			);
			runOnlyForDeploymentPostprocessing = 0;
		};
/* End PBXResourcesBuildPhase section */

/* Begin PBXSourcesBuildPhase section */
		707DD92122CC4E8E0040BA46 /* Sources */ = {
			isa = PBXSourcesBuildPhase;
			buildActionMask = 2147483647;
			files = (
				707DD92D22CC4E8E0040BA46 /* ViewController.swift in Sources */,
				707DD92922CC4E8E0040BA46 /* AppDelegate.swift in Sources */,
			);
			runOnlyForDeploymentPostprocessing = 0;
		};
/* End PBXSourcesBuildPhase section */

/* Begin PBXVariantGroup section */
		707DD92E22CC4E8E0040BA46 /* Main.storyboard */ = {
			isa = PBXVariantGroup;
			children = (
				707DD92F22CC4E8E0040BA46 /* Base */,
			);
			name = Main.storyboard;
			sourceTree = "<group>";
		};
		707DD93322CC4E900040BA46 /* LaunchScreen.storyboard */ = {
			isa = PBXVariantGroup;
			children = (
				707DD93422CC4E900040BA46 /* Base */,
			);
			name = LaunchScreen.storyboard;
			sourceTree = "<group>";
		};
/* End PBXVariantGroup section */

/* Begin XCBuildConfiguration section */
		707DD93722CC4E900040BA46 /* Debug */ = {
			isa = XCBuildConfiguration;
			buildSettings = {
				ALWAYS_SEARCH_USER_PATHS = NO;
				CLANG_ANALYZER_NONNULL = YES;
				CLANG_ANALYZER_NUMBER_OBJECT_CONVERSION = YES_AGGRESSIVE;
				CLANG_CXX_LANGUAGE_STANDARD = "gnu++14";
				CLANG_CXX_LIBRARY = "libc++";
				CLANG_ENABLE_MODULES = YES;
				CLANG_ENABLE_OBJC_ARC = YES;
				CLANG_ENABLE_OBJC_WEAK = YES;
				CLANG_WARN_BLOCK_CAPTURE_AUTORELEASING = YES;
				CLANG_WARN_BOOL_CONVERSION = YES;
				CLANG_WARN_COMMA = YES;
				CLANG_WARN_CONSTANT_CONVERSION = YES;
				CLANG_WARN_DEPRECATED_OBJC_IMPLEMENTATIONS = YES;
				CLANG_WARN_DIRECT_OBJC_ISA_USAGE = YES_ERROR;
				CLANG_WARN_DOCUMENTATION_COMMENTS = YES;
				CLANG_WARN_EMPTY_BODY = YES;
				CLANG_WARN_ENUM_CONVERSION = YES;
				CLANG_WARN_INFINITE_RECURSION = YES;
				CLANG_WARN_INT_CONVERSION = YES;
				CLANG_WARN_NON_LITERAL_NULL_CONVERSION = YES;
				CLANG_WARN_OBJC_IMPLICIT_RETAIN_SELF = YES;
				CLANG_WARN_OBJC_LITERAL_CONVERSION = YES;
				CLANG_WARN_OBJC_ROOT_CLASS = YES_ERROR;
				CLANG_WARN_RANGE_LOOP_ANALYSIS = YES;
				CLANG_WARN_STRICT_PROTOTYPES = YES;
				CLANG_WARN_SUSPICIOUS_MOVE = YES;
				CLANG_WARN_UNGUARDED_AVAILABILITY = YES_AGGRESSIVE;
				CLANG_WARN_UNREACHABLE_CODE = YES;
				CLANG_WARN__DUPLICATE_METHOD_MATCH = YES;
				CODE_SIGN_IDENTITY = "iPhone Developer";
				COPY_PHASE_STRIP = NO;
				DEBUG_INFORMATION_FORMAT = dwarf;
				ENABLE_STRICT_OBJC_MSGSEND = YES;
				ENABLE_TESTABILITY = YES;
				GCC_C_LANGUAGE_STANDARD = gnu11;
				GCC_DYNAMIC_NO_PIC = NO;
				GCC_NO_COMMON_BLOCKS = YES;
				GCC_OPTIMIZATION_LEVEL = 0;
				GCC_PREPROCESSOR_DEFINITIONS = (
					"DEBUG=1",
					"$(inherited)",
				);
				GCC_WARN_64_TO_32_BIT_CONVERSION = YES;
				GCC_WARN_ABOUT_RETURN_TYPE = YES_ERROR;
				GCC_WARN_UNDECLARED_SELECTOR = YES;
				GCC_WARN_UNINITIALIZED_AUTOS = YES_AGGRESSIVE;
				GCC_WARN_UNUSED_FUNCTION = YES;
				GCC_WARN_UNUSED_VARIABLE = YES;
				IPHONEOS_DEPLOYMENT_TARGET = 12.2;
				MTL_ENABLE_DEBUG_INFO = INCLUDE_SOURCE;
				MTL_FAST_MATH = YES;
				ONLY_ACTIVE_ARCH = YES;
				SDKROOT = iphoneos;
				SWIFT_ACTIVE_COMPILATION_CONDITIONS = DEBUG;
				SWIFT_OPTIMIZATION_LEVEL = "-Onone";
			};
			name = Debug;
		};
		707DD93822CC4E900040BA46 /* Release */ = {
			isa = XCBuildConfiguration;
			buildSettings = {
				ALWAYS_SEARCH_USER_PATHS = NO;
				CLANG_ANALYZER_NONNULL = YES;
				CLANG_ANALYZER_NUMBER_OBJECT_CONVERSION = YES_AGGRESSIVE;
				CLANG_CXX_LANGUAGE_STANDARD = "gnu++14";
				CLANG_CXX_LIBRARY = "libc++";
				CLANG_ENABLE_MODULES = YES;
				CLANG_ENABLE_OBJC_ARC = YES;
				CLANG_ENABLE_OBJC_WEAK = YES;
				CLANG_WARN_BLOCK_CAPTURE_AUTORELEASING = YES;
				CLANG_WARN_BOOL_CONVERSION = YES;
				CLANG_WARN_COMMA = YES;
				CLANG_WARN_CONSTANT_CONVERSION = YES;
				CLANG_WARN_DEPRECATED_OBJC_IMPLEMENTATIONS = YES;
				CLANG_WARN_DIRECT_OBJC_ISA_USAGE = YES_ERROR;
				CLANG_WARN_DOCUMENTATION_COMMENTS = YES;
				CLANG_WARN_EMPTY_BODY = YES;
				CLANG_WARN_ENUM_CONVERSION = YES;
				CLANG_WARN_INFINITE_RECURSION = YES;
				CLANG_WARN_INT_CONVERSION = YES;
				CLANG_WARN_NON_LITERAL_NULL_CONVERSION = YES;
				CLANG_WARN_OBJC_IMPLICIT_RETAIN_SELF = YES;
				CLANG_WARN_OBJC_LITERAL_CONVERSION = YES;
				CLANG_WARN_OBJC_ROOT_CLASS = YES_ERROR;
				CLANG_WARN_RANGE_LOOP_ANALYSIS = YES;
				CLANG_WARN_STRICT_PROTOTYPES = YES;
				CLANG_WARN_SUSPICIOUS_MOVE = YES;
				CLANG_WARN_UNGUARDED_AVAILABILITY = YES_AGGRESSIVE;
				CLANG_WARN_UNREACHABLE_CODE = YES;
				CLANG_WARN__DUPLICATE_METHOD_MATCH = YES;
				CODE_SIGN_IDENTITY = "iPhone Developer";
				COPY_PHASE_STRIP = NO;
				DEBUG_INFORMATION_FORMAT = "dwarf-with-dsym";
				ENABLE_NS_ASSERTIONS = NO;
				ENABLE_STRICT_OBJC_MSGSEND = YES;
				GCC_C_LANGUAGE_STANDARD = gnu11;
				GCC_NO_COMMON_BLOCKS = YES;
				GCC_WARN_64_TO_32_BIT_CONVERSION = YES;
				GCC_WARN_ABOUT_RETURN_TYPE = YES_ERROR;
				GCC_WARN_UNDECLARED_SELECTOR = YES;
				GCC_WARN_UNINITIALIZED_AUTOS = YES_AGGRESSIVE;
				GCC_WARN_UNUSED_FUNCTION = YES;
				GCC_WARN_UNUSED_VARIABLE = YES;
				IPHONEOS_DEPLOYMENT_TARGET = 12.2;
				MTL_ENABLE_DEBUG_INFO = NO;
				MTL_FAST_MATH = YES;
				SDKROOT = iphoneos;
				SWIFT_COMPILATION_MODE = wholemodule;
				SWIFT_OPTIMIZATION_LEVEL = "-O";
				VALIDATE_PRODUCT = YES;
			};
			name = Release;
		};
		707DD93A22CC4E900040BA46 /* Debug */ = {
			isa = XCBuildConfiguration;
			buildSettings = {
				ASSETCATALOG_COMPILER_APPICON_NAME = AppIcon;
				CODE_SIGN_STYLE = Automatic;
				DEVELOPMENT_TEAM = S873C9KMKY;
				INFOPLIST_FILE = PlaneWorld/Info.plist;
				LD_RUNPATH_SEARCH_PATHS = (
					"$(inherited)",
					"@executable_path/Frameworks",
				);
				PRODUCT_BUNDLE_IDENTIFIER = com.myapp.PlaneWorld;
				PRODUCT_NAME = "$(TARGET_NAME)";
				SWIFT_VERSION = 5.0;
				TARGETED_DEVICE_FAMILY = "1,2";
			};
			name = Debug;
		};
		707DD93B22CC4E900040BA46 /* Release */ = {
			isa = XCBuildConfiguration;
			buildSettings = {
				ASSETCATALOG_COMPILER_APPICON_NAME = AppIcon;
				CODE_SIGN_STYLE = Automatic;
				DEVELOPMENT_TEAM = S873C9KMKY;
				INFOPLIST_FILE = PlaneWorld/Info.plist;
				LD_RUNPATH_SEARCH_PATHS = (
					"$(inherited)",
					"@executable_path/Frameworks",
				);
				PRODUCT_BUNDLE_IDENTIFIER = com.myapp.PlaneWorld;
				PRODUCT_NAME = "$(TARGET_NAME)";
				SWIFT_VERSION = 5.0;
				TARGETED_DEVICE_FAMILY = "1,2";
			};
			name = Release;
		};
/* End XCBuildConfiguration section */

/* Begin XCConfigurationList section */
		707DD92022CC4E8E0040BA46 /* Build configuration list for PBXProject "PlaneWorld" */ = {
			isa = XCConfigurationList;
			buildConfigurations = (
				707DD93722CC4E900040BA46 /* Debug */,
				707DD93822CC4E900040BA46 /* Release */,
			);
			defaultConfigurationIsVisible = 0;
			defaultConfigurationName = Release;
		};
		707DD93922CC4E900040BA46 /* Build configuration list for PBXNativeTarget "PlaneWorld" */ = {
			isa = XCConfigurationList;
			buildConfigurations = (
				707DD93A22CC4E900040BA46 /* Debug */,
				707DD93B22CC4E900040BA46 /* Release */,
			);
			defaultConfigurationIsVisible = 0;
			defaultConfigurationName = Release;
		};
/* End XCConfigurationList section */
	};
	rootObject = 707DD91D22CC4E8E0040BA46 /* Project object */;
}
